
Microsoft Visual Studio Solution File, Format Version 12.00
# Visual Studio Version 16
VisualStudioVersion = 16.0.31129.286
MinimumVisualStudioVersion = 10.0.40219.1
Project("{FAE04EC0-301F-11D3-BF4B-00C04F79EFBC}") = "lab_1_CG", "CG1\lab_1_CG.csproj", "{EE31CF49-CABA-4A83-BE45-E139D7227A56}"
EndProject
Global
	GlobalSection(SolutionConfigurationPlatforms) = preSolution
		Debug|Any CPU = Debug|Any CPU
		Release|Any CPU = Release|Any CPU
	EndGlobalSection
	GlobalSection(ProjectConfigurationPlatforms) = postSolution
		{EE31CF49-CABA-4A83-BE45-E139D7227A56}.Debug|Any CPU.ActiveCfg = Debug|Any CPU
		{EE31CF49-CABA-4A83-BE45-E139D7227A56}.Debug|Any CPU.Build.0 = Debug|Any CPU
		{EE31CF49-CABA-4A83-BE45-E139D7227A56}.Release|Any CPU.ActiveCfg = Release|Any CPU
		{EE31CF49-CABA-4A83-BE45-E139D7227A56}.Release|Any CPU.Build.0 = Release|Any CPU
	EndGlobalSection
	GlobalSection(SolutionProperties) = preSolution
		HideSolutionNode = FALSE
	EndGlobalSection
	GlobalSection(ExtensibilityGlobals) = postSolution
		SolutionGuid = {2A6786E7-B4BC-41F7-BB44-B1EDA5525BB3}
	EndGlobalSection
EndGlobal
